
Microsoft Visual Studio Solution File, Format Version 12.00
# Visual Studio Version 17
VisualStudioVersion = 17.2.32616.157
MinimumVisualStudioVersion = 10.0.40219.1
Project("{FAE04EC0-301F-11D3-BF4B-00C04F79EFBC}") = "ConversorTemperaturas", "ConversorTemperaturas.csproj", "{9330AECC-3046-4F43-8D03-04590C867306}"
EndProject
Global
	GlobalSection(SolutionConfigurationPlatforms) = preSolution
		Debug|Any CPU = Debug|Any CPU
		Release|Any CPU = Release|Any CPU
	EndGlobalSection
	GlobalSection(ProjectConfigurationPlatforms) = postSolution
		{9330AECC-3046-4F43-8D03-04590C867306}.Debug|Any CPU.ActiveCfg = Debug|Any CPU
		{9330AECC-3046-4F43-8D03-04590C867306}.Debug|Any CPU.Build.0 = Debug|Any CPU
		{9330AECC-3046-4F43-8D03-04590C867306}.Release|Any CPU.ActiveCfg = Release|Any CPU
		{9330AECC-3046-4F43-8D03-04590C867306}.Release|Any CPU.Build.0 = Release|Any CPU
	EndGlobalSection
	GlobalSection(SolutionProperties) = preSolution
		HideSolutionNode = FALSE
	EndGlobalSection
	GlobalSection(ExtensibilityGlobals) = postSolution
		SolutionGuid = {36BE0C78-D252-4910-B607-0BCA3845E065}
	EndGlobalSection
EndGlobal
